PODS:
  - BilibiliKit (0.1)
  - swift_qrcodejs (0.0.1)

DEPENDENCIES:
  - BilibiliKit (from `../BilibiliKit`)
  - swift_qrcodejs (from `../swift_qrcodejs`)

EXTERNAL SOURCES:
  BilibiliKit:
    :path: ../BilibiliKit
  swift_qrcodejs:
    :path: ../swift_qrcodejs

SPEC CHECKSUMS:
  BilibiliKit: 7cf0ec2967f89965034ebde4602dde6a7710a426
  swift_qrcodejs: c06b89c1403e8afba3c91acb401a9145308febe0

PODFILE CHECKSUM: f38a733e164af23e8aa09cd23d0e0ced0b23ab2b

COCOAPODS: 1.4.0.rc.1
