{
  "object": {
    "pins": [
      {
        "package": "BilibiliKit",
        "repositoryURL": "https://github.com/ApolloZhu/BilibiliKit.git",
        "state": {
          "branch": "rsa",
          "revision": "e26e297be8a942259587f9fda5c399a5a249190a",
          "version": null
        }
      },
      {
        "package": "EFQRCode",
        "repositoryURL": "https://github.com/EFPrefix/EFQRCode.git",
        "state": {
          "branch": null,
          "revision": "56278ea800d7fdc20f42cd77bdbf0fecc8c1c0c8",
          "version": "6.2.0"
        }
      },
      {
        "package": "swift-crypto",
        "repositoryURL": "https://github.com/apple/swift-crypto",
        "state": {
          "branch": null,
          "revision": "3bea268b223651c4ab7b7b9ad62ef9b2d4143eb6",
          "version": "1.1.6"
        }
      },
      {
        "package": "swift-nio",
        "repositoryURL": "https://github.com/apple/swift-nio.git",
        "state": {
          "branch": null,
          "revision": "51c3fc2e4a0fcdf4a25089b288dd65b73df1b0ef",
          "version": "2.37.0"
        }
      },
      {
        "package": "swift-nio-ssh",
        "repositoryURL": "https://github.com/apple/swift-nio-ssh",
        "state": {
          "branch": null,
          "revision": "166dcf1bfa17174d6b26d500e436fc4cddd9efaf",
          "version": "0.0.2"
        }
      },
      {
        "package": "swift_qrcodejs",
        "repositoryURL": "https://github.com/ApolloZhu/swift_qrcodejs.git",
        "state": {
          "branch": null,
          "revision": "374dc7f7b9e76c6aeb393f6a84590c6d387e1ecb",
          "version": "2.2.2"
        }
      }
    ]
  },
  "version": 1
}
